
Microsoft Visual Studio Solution File, Format Version 12.00
# Visual Studio Version 17
VisualStudioVersion = 17.2.32630.192
MinimumVisualStudioVersion = 10.0.40219.1
Project("{FAE04EC0-301F-11D3-BF4B-00C04F79EFBC}") = "CursoWindowsForms", "CursoWindowsForms\CursoWindowsForms.csproj", "{6B574E2D-4670-4AB0-B31F-8D2E8958E48B}"
EndProject
Global
	GlobalSection(SolutionConfigurationPlatforms) = preSolution
		Debug|Any CPU = Debug|Any CPU
		Release|Any CPU = Release|Any CPU
	EndGlobalSection
	GlobalSection(ProjectConfigurationPlatforms) = postSolution
		{6B574E2D-4670-4AB0-B31F-8D2E8958E48B}.Debug|Any CPU.ActiveCfg = Debug|Any CPU
		{6B574E2D-4670-4AB0-B31F-8D2E8958E48B}.Debug|Any CPU.Build.0 = Debug|Any CPU
		{6B574E2D-4670-4AB0-B31F-8D2E8958E48B}.Release|Any CPU.ActiveCfg = Release|Any CPU
		{6B574E2D-4670-4AB0-B31F-8D2E8958E48B}.Release|Any CPU.Build.0 = Release|Any CPU
	EndGlobalSection
	GlobalSection(SolutionProperties) = preSolution
		HideSolutionNode = FALSE
	EndGlobalSection
	GlobalSection(ExtensibilityGlobals) = postSolution
		SolutionGuid = {6FE16C16-CE08-4A60-A92E-EEAFAB8815F1}
	EndGlobalSection
EndGlobal
